
Microsoft Visual Studio Solution File, Format Version 12.00
# Visual Studio Version 17
VisualStudioVersion = 17.7.34202.233
MinimumVisualStudioVersion = 10.0.40219.1
Project("{FAE04EC0-301F-11D3-BF4B-00C04F79EFBC}") = "Loading screen pictures", "Loading screen pictures.csproj", "{D4CF15C8-47C6-452B-9082-1DAB52F33964}"
EndProject
Global
	GlobalSection(SolutionConfigurationPlatforms) = preSolution
		Debug|Any CPU = Debug|Any CPU
		Release|Any CPU = Release|Any CPU
	EndGlobalSection
	GlobalSection(ProjectConfigurationPlatforms) = postSolution
		{D4CF15C8-47C6-452B-9082-1DAB52F33964}.Debug|Any CPU.ActiveCfg = Debug|Any CPU
		{D4CF15C8-47C6-452B-9082-1DAB52F33964}.Debug|Any CPU.Build.0 = Debug|Any CPU
		{D4CF15C8-47C6-452B-9082-1DAB52F33964}.Release|Any CPU.ActiveCfg = Release|Any CPU
		{D4CF15C8-47C6-452B-9082-1DAB52F33964}.Release|Any CPU.Build.0 = Release|Any CPU
	EndGlobalSection
	GlobalSection(SolutionProperties) = preSolution
		HideSolutionNode = FALSE
	EndGlobalSection
	GlobalSection(ExtensibilityGlobals) = postSolution
		SolutionGuid = {30DAF3A3-224C-4803-8F4B-AB8A1B700F16}
	EndGlobalSection
EndGlobal
